Microsoft Visual Studio Solution File, Format Version 12.00
# Visual Studio Version 17
VisualStudioVersion = 17.5.2.0
MinimumVisualStudioVersion = 10.0.40219.1
Project("{FAE04EC0-301F-11D3-BF4B-00C04F79EFBC}") = "examen-final-csharp", "examen-final-csharp.csproj", "{E09716C7-0FF0-1783-916B-9D8152119DC3}"
EndProject
Global
	GlobalSection(SolutionConfigurationPlatforms) = preSolution
		Debug|Any CPU = Debug|Any CPU
		Release|Any CPU = Release|Any CPU
	EndGlobalSection
	GlobalSection(ProjectConfigurationPlatforms) = postSolution
		{E09716C7-0FF0-1783-916B-9D8152119DC3}.Debug|Any CPU.ActiveCfg = Debug|Any CPU
		{E09716C7-0FF0-1783-916B-9D8152119DC3}.Debug|Any CPU.Build.0 = Debug|Any CPU
		{E09716C7-0FF0-1783-916B-9D8152119DC3}.Release|Any CPU.ActiveCfg = Release|Any CPU
		{E09716C7-0FF0-1783-916B-9D8152119DC3}.Release|Any CPU.Build.0 = Release|Any CPU
	EndGlobalSection
	GlobalSection(SolutionProperties) = preSolution
		HideSolutionNode = FALSE
	EndGlobalSection
	GlobalSection(ExtensibilityGlobals) = postSolution
		SolutionGuid = {84C0A105-5B26-4A85-8E45-C4C3A477E1D2}
	EndGlobalSection
EndGlobal
